
Microsoft Visual Studio Solution File, Format Version 12.00
# Visual Studio 2013
VisualStudioVersion = 12.0.30723.0
MinimumVisualStudioVersion = 10.0.40219.1
Project("{8BC9CEB8-8B4A-11D0-8D11-00A0C91BC942}") = "BaseHog", "..\BaseHog\BaseHog.vcxproj", "{D1A5EC63-4703-4782-B1FA-7D0367C69D68}"
EndProject
Project("{8BC9CEB8-8B4A-11D0-8D11-00A0C91BC942}") = "BaseHogPS", "..\BaseHog\BaseHogPS.vcxproj", "{167941B2-E138-4051-A266-FBA38B48D2D7}"
EndProject
Project("{8BC9CEB8-8B4A-11D0-8D11-00A0C91BC942}") = "SubSvr", "SubSvr.vcxproj", "{0FBEBE0B-EEA1-4453-89A9-AE4C123A5CC0}"
EndProject
Project("{8BC9CEB8-8B4A-11D0-8D11-00A0C91BC942}") = "CenterData", "..\CenterData\CenterData.vcxproj", "{ED5C9D11-268B-412B-B3B7-932036E6AD70}"
EndProject
Project("{8BC9CEB8-8B4A-11D0-8D11-00A0C91BC942}") = "CenterDataPS", "..\CenterData\CenterDataPS.vcxproj", "{DE0E8948-30F9-4048-9A81-350756F79036}"
EndProject
Project("{8BC9CEB8-8B4A-11D0-8D11-00A0C91BC942}") = "CenterSvr", "..\CenterSvr\CenterSvr.vcxproj", "{6ED170BF-EB94-4E79-B27A-484A58D7E277}"
EndProject
Project("{8BC9CEB8-8B4A-11D0-8D11-00A0C91BC942}") = "CenterSvrPS", "..\CenterSvr\CenterSvrPS.vcxproj", "{64B0C7A6-9BAC-4F32-90E6-39975B8C4B53}"
EndProject
Project("{8BC9CEB8-8B4A-11D0-8D11-00A0C91BC942}") = "WebDemo", "..\WebDemo\WebDemo.vcxproj", "{D88D74E3-FC1C-4D98-98A9-571A3D00F298}"
EndProject
Project("{8BC9CEB8-8B4A-11D0-8D11-00A0C91BC942}") = "BaseBet", "..\BaseBet\BaseBet.vcxproj", "{4AFAE956-3579-442F-A7AA-514A6C13E45D}"
EndProject
Project("{8BC9CEB8-8B4A-11D0-8D11-00A0C91BC942}") = "BaseBetPS", "..\BaseBet\BaseBetPS.vcxproj", "{EEE63D24-3D55-47D9-97C2-4C5ED67F7719}"
	ProjectSection(ProjectDependencies) = postProject
		{4AFAE956-3579-442F-A7AA-514A6C13E45D} = {4AFAE956-3579-442F-A7AA-514A6C13E45D}
	EndProjectSection
EndProject
Global
	GlobalSection(SolutionConfigurationPlatforms) = preSolution
		Debug|Mixed Platforms = Debug|Mixed Platforms
		Debug|Win32 = Debug|Win32
		Debug|x64 = Debug|x64
		Debug|x86 = Debug|x86
		Release|Mixed Platforms = Release|Mixed Platforms
		Release|Win32 = Release|Win32
		Release|x64 = Release|x64
		Release|x86 = Release|x86
	EndGlobalSection
	GlobalSection(ProjectConfigurationPlatforms) = postSolution
		{D1A5EC63-4703-4782-B1FA-7D0367C69D68}.Debug|Mixed Platforms.ActiveCfg = Debug|Win32
		{D1A5EC63-4703-4782-B1FA-7D0367C69D68}.Debug|Mixed Platforms.Build.0 = Debug|Win32
		{D1A5EC63-4703-4782-B1FA-7D0367C69D68}.Debug|Win32.ActiveCfg = Debug|Win32
		{D1A5EC63-4703-4782-B1FA-7D0367C69D68}.Debug|Win32.Build.0 = Debug|Win32
		{D1A5EC63-4703-4782-B1FA-7D0367C69D68}.Debug|x64.ActiveCfg = Debug|x64
		{D1A5EC63-4703-4782-B1FA-7D0367C69D68}.Debug|x64.Build.0 = Debug|x64
		{D1A5EC63-4703-4782-B1FA-7D0367C69D68}.Debug|x86.ActiveCfg = Debug|Win32
		{D1A5EC63-4703-4782-B1FA-7D0367C69D68}.Debug|x86.Build.0 = Debug|Win32
		{D1A5EC63-4703-4782-B1FA-7D0367C69D68}.Release|Mixed Platforms.ActiveCfg = Release|Win32
		{D1A5EC63-4703-4782-B1FA-7D0367C69D68}.Release|Mixed Platforms.Build.0 = Release|Win32
		{D1A5EC63-4703-4782-B1FA-7D0367C69D68}.Release|Win32.ActiveCfg = Release|Win32
		{D1A5EC63-4703-4782-B1FA-7D0367C69D68}.Release|Win32.Build.0 = Release|Win32
		{D1A5EC63-4703-4782-B1FA-7D0367C69D68}.Release|x64.ActiveCfg = Release|x64
		{D1A5EC63-4703-4782-B1FA-7D0367C69D68}.Release|x86.ActiveCfg = Release|Win32
		{D1A5EC63-4703-4782-B1FA-7D0367C69D68}.Release|x86.Build.0 = Release|Win32
		{167941B2-E138-4051-A266-FBA38B48D2D7}.Debug|Mixed Platforms.ActiveCfg = Debug|Win32
		{167941B2-E138-4051-A266-FBA38B48D2D7}.Debug|Mixed Platforms.Build.0 = Debug|Win32
		{167941B2-E138-4051-A266-FBA38B48D2D7}.Debug|Win32.ActiveCfg = Debug|Win32
		{167941B2-E138-4051-A266-FBA38B48D2D7}.Debug|Win32.Build.0 = Debug|Win32
		{167941B2-E138-4051-A266-FBA38B48D2D7}.Debug|x64.ActiveCfg = Debug|x64
		{167941B2-E138-4051-A266-FBA38B48D2D7}.Debug|x64.Build.0 = Debug|x64
		{167941B2-E138-4051-A266-FBA38B48D2D7}.Debug|x86.ActiveCfg = Debug|Win32
		{167941B2-E138-4051-A266-FBA38B48D2D7}.Debug|x86.Build.0 = Debug|Win32
		{167941B2-E138-4051-A266-FBA38B48D2D7}.Release|Mixed Platforms.ActiveCfg = Release|Win32
		{167941B2-E138-4051-A266-FBA38B48D2D7}.Release|Mixed Platforms.Build.0 = Release|Win32
		{167941B2-E138-4051-A266-FBA38B48D2D7}.Release|Win32.ActiveCfg = Release|Win32
		{167941B2-E138-4051-A266-FBA38B48D2D7}.Release|Win32.Build.0 = Release|Win32
		{167941B2-E138-4051-A266-FBA38B48D2D7}.Release|x64.ActiveCfg = Release|x64
		{167941B2-E138-4051-A266-FBA38B48D2D7}.Release|x86.ActiveCfg = Release|Win32
		{167941B2-E138-4051-A266-FBA38B48D2D7}.Release|x86.Build.0 = Release|Win32
		{0FBEBE0B-EEA1-4453-89A9-AE4C123A5CC0}.Debug|Mixed Platforms.ActiveCfg = Debug|Win32
		{0FBEBE0B-EEA1-4453-89A9-AE4C123A5CC0}.Debug|Mixed Platforms.Build.0 = Debug|Win32
		{0FBEBE0B-EEA1-4453-89A9-AE4C123A5CC0}.Debug|Win32.ActiveCfg = Debug|Win32
		{0FBEBE0B-EEA1-4453-89A9-AE4C123A5CC0}.Debug|Win32.Build.0 = Debug|Win32
		{0FBEBE0B-EEA1-4453-89A9-AE4C123A5CC0}.Debug|x64.ActiveCfg = Debug|x64
		{0FBEBE0B-EEA1-4453-89A9-AE4C123A5CC0}.Debug|x64.Build.0 = Debug|x64
		{0FBEBE0B-EEA1-4453-89A9-AE4C123A5CC0}.Debug|x86.ActiveCfg = Debug|Win32
		{0FBEBE0B-EEA1-4453-89A9-AE4C123A5CC0}.Debug|x86.Build.0 = Debug|Win32
		{0FBEBE0B-EEA1-4453-89A9-AE4C123A5CC0}.Release|Mixed Platforms.ActiveCfg = Release|Win32
		{0FBEBE0B-EEA1-4453-89A9-AE4C123A5CC0}.Release|Mixed Platforms.Build.0 = Release|Win32
		{0FBEBE0B-EEA1-4453-89A9-AE4C123A5CC0}.Release|Win32.ActiveCfg = Release|Win32
		{0FBEBE0B-EEA1-4453-89A9-AE4C123A5CC0}.Release|Win32.Build.0 = Release|Win32
		{0FBEBE0B-EEA1-4453-89A9-AE4C123A5CC0}.Release|x64.ActiveCfg = Release|x64
		{0FBEBE0B-EEA1-4453-89A9-AE4C123A5CC0}.Release|x86.ActiveCfg = Release|Win32
		{0FBEBE0B-EEA1-4453-89A9-AE4C123A5CC0}.Release|x86.Build.0 = Release|Win32
		{ED5C9D11-268B-412B-B3B7-932036E6AD70}.Debug|Mixed Platforms.ActiveCfg = Debug|Win32
		{ED5C9D11-268B-412B-B3B7-932036E6AD70}.Debug|Mixed Platforms.Build.0 = Debug|Win32
		{ED5C9D11-268B-412B-B3B7-932036E6AD70}.Debug|Win32.ActiveCfg = Debug|Win32
		{ED5C9D11-268B-412B-B3B7-932036E6AD70}.Debug|Win32.Build.0 = Debug|Win32
		{ED5C9D11-268B-412B-B3B7-932036E6AD70}.Debug|x64.ActiveCfg = Debug|x64
		{ED5C9D11-268B-412B-B3B7-932036E6AD70}.Debug|x64.Build.0 = Debug|x64
		{ED5C9D11-268B-412B-B3B7-932036E6AD70}.Debug|x86.ActiveCfg = Debug|Win32
		{ED5C9D11-268B-412B-B3B7-932036E6AD70}.Debug|x86.Build.0 = Debug|Win32
		{ED5C9D11-268B-412B-B3B7-932036E6AD70}.Release|Mixed Platforms.ActiveCfg = Release|Win32
		{ED5C9D11-268B-412B-B3B7-932036E6AD70}.Release|Mixed Platforms.Build.0 = Release|Win32
		{ED5C9D11-268B-412B-B3B7-932036E6AD70}.Release|Win32.ActiveCfg = Release|Win32
		{ED5C9D11-268B-412B-B3B7-932036E6AD70}.Release|Win32.Build.0 = Release|Win32
		{ED5C9D11-268B-412B-B3B7-932036E6AD70}.Release|x64.ActiveCfg = Release|x64
		{ED5C9D11-268B-412B-B3B7-932036E6AD70}.Release|x86.ActiveCfg = Release|Win32
		{ED5C9D11-268B-412B-B3B7-932036E6AD70}.Release|x86.Build.0 = Release|Win32
		{DE0E8948-30F9-4048-9A81-350756F79036}.Debug|Mixed Platforms.ActiveCfg = Debug|Win32
		{DE0E8948-30F9-4048-9A81-350756F79036}.Debug|Mixed Platforms.Build.0 = Debug|Win32
		{DE0E8948-30F9-4048-9A81-350756F79036}.Debug|Win32.ActiveCfg = Debug|Win32
		{DE0E8948-30F9-4048-9A81-350756F79036}.Debug|Win32.Build.0 = Debug|Win32
		{DE0E8948-30F9-4048-9A81-350756F79036}.Debug|x64.ActiveCfg = Debug|x64
		{DE0E8948-30F9-4048-9A81-350756F79036}.Debug|x64.Build.0 = Debug|x64
		{DE0E8948-30F9-4048-9A81-350756F79036}.Debug|x86.ActiveCfg = Debug|Win32
		{DE0E8948-30F9-4048-9A81-350756F79036}.Debug|x86.Build.0 = Debug|Win32
		{DE0E8948-30F9-4048-9A81-350756F79036}.Release|Mixed Platforms.ActiveCfg = Release|Win32
		{DE0E8948-30F9-4048-9A81-350756F79036}.Release|Mixed Platforms.Build.0 = Release|Win32
		{DE0E8948-30F9-4048-9A81-350756F79036}.Release|Win32.ActiveCfg = Release|Win32
		{DE0E8948-30F9-4048-9A81-350756F79036}.Release|Win32.Build.0 = Release|Win32
		{DE0E8948-30F9-4048-9A81-350756F79036}.Release|x64.ActiveCfg = Release|x64
		{DE0E8948-30F9-4048-9A81-350756F79036}.Release|x86.ActiveCfg = Release|Win32
		{DE0E8948-30F9-4048-9A81-350756F79036}.Release|x86.Build.0 = Release|Win32
		{6ED170BF-EB94-4E79-B27A-484A58D7E277}.Debug|Mixed Platforms.ActiveCfg = Debug|Win32
		{6ED170BF-EB94-4E79-B27A-484A58D7E277}.Debug|Mixed Platforms.Build.0 = Debug|Win32
		{6ED170BF-EB94-4E79-B27A-484A58D7E277}.Debug|Win32.ActiveCfg = Debug|Win32
		{6ED170BF-EB94-4E79-B27A-484A58D7E277}.Debug|Win32.Build.0 = Debug|Win32
		{6ED170BF-EB94-4E79-B27A-484A58D7E277}.Debug|x64.ActiveCfg = Debug|x64
		{6ED170BF-EB94-4E79-B27A-484A58D7E277}.Debug|x64.Build.0 = Debug|x64
		{6ED170BF-EB94-4E79-B27A-484A58D7E277}.Debug|x86.ActiveCfg = Debug|Win32
		{6ED170BF-EB94-4E79-B27A-484A58D7E277}.Debug|x86.Build.0 = Debug|Win32
		{6ED170BF-EB94-4E79-B27A-484A58D7E277}.Release|Mixed Platforms.ActiveCfg = Release|Win32
		{6ED170BF-EB94-4E79-B27A-484A58D7E277}.Release|Mixed Platforms.Build.0 = Release|Win32
		{6ED170BF-EB94-4E79-B27A-484A58D7E277}.Release|Win32.ActiveCfg = Release|Win32
		{6ED170BF-EB94-4E79-B27A-484A58D7E277}.Release|Win32.Build.0 = Release|Win32
		{6ED170BF-EB94-4E79-B27A-484A58D7E277}.Release|x64.ActiveCfg = Release|x64
		{6ED170BF-EB94-4E79-B27A-484A58D7E277}.Release|x86.ActiveCfg = Release|Win32
		{6ED170BF-EB94-4E79-B27A-484A58D7E277}.Release|x86.Build.0 = Release|Win32
		{64B0C7A6-9BAC-4F32-90E6-39975B8C4B53}.Debug|Mixed Platforms.ActiveCfg = Debug|Win32
		{64B0C7A6-9BAC-4F32-90E6-39975B8C4B53}.Debug|Mixed Platforms.Build.0 = Debug|Win32
		{64B0C7A6-9BAC-4F32-90E6-39975B8C4B53}.Debug|Win32.ActiveCfg = Debug|Win32
		{64B0C7A6-9BAC-4F32-90E6-39975B8C4B53}.Debug|Win32.Build.0 = Debug|Win32
		{64B0C7A6-9BAC-4F32-90E6-39975B8C4B53}.Debug|x64.ActiveCfg = Debug|x64
		{64B0C7A6-9BAC-4F32-90E6-39975B8C4B53}.Debug|x64.Build.0 = Debug|x64
		{64B0C7A6-9BAC-4F32-90E6-39975B8C4B53}.Debug|x86.ActiveCfg = Debug|Win32
		{64B0C7A6-9BAC-4F32-90E6-39975B8C4B53}.Debug|x86.Build.0 = Debug|Win32
		{64B0C7A6-9BAC-4F32-90E6-39975B8C4B53}.Release|Mixed Platforms.ActiveCfg = Release|Win32
		{64B0C7A6-9BAC-4F32-90E6-39975B8C4B53}.Release|Mixed Platforms.Build.0 = Release|Win32
		{64B0C7A6-9BAC-4F32-90E6-39975B8C4B53}.Release|Win32.ActiveCfg = Release|Win32
		{64B0C7A6-9BAC-4F32-90E6-39975B8C4B53}.Release|Win32.Build.0 = Release|Win32
		{64B0C7A6-9BAC-4F32-90E6-39975B8C4B53}.Release|x64.ActiveCfg = Release|x64
		{64B0C7A6-9BAC-4F32-90E6-39975B8C4B53}.Release|x86.ActiveCfg = Release|Win32
		{64B0C7A6-9BAC-4F32-90E6-39975B8C4B53}.Release|x86.Build.0 = Release|Win32
		{D88D74E3-FC1C-4D98-98A9-571A3D00F298}.Debug|Mixed Platforms.ActiveCfg = Debug|Win32
		{D88D74E3-FC1C-4D98-98A9-571A3D00F298}.Debug|Mixed Platforms.Build.0 = Debug|Win32
		{D88D74E3-FC1C-4D98-98A9-571A3D00F298}.Debug|Win32.ActiveCfg = Debug|Win32
		{D88D74E3-FC1C-4D98-98A9-571A3D00F298}.Debug|Win32.Build.0 = Debug|Win32
		{D88D74E3-FC1C-4D98-98A9-571A3D00F298}.Debug|x64.ActiveCfg = Debug|x64
		{D88D74E3-FC1C-4D98-98A9-571A3D00F298}.Debug|x64.Build.0 = Debug|x64
		{D88D74E3-FC1C-4D98-98A9-571A3D00F298}.Debug|x86.ActiveCfg = Debug|Win32
		{D88D74E3-FC1C-4D98-98A9-571A3D00F298}.Debug|x86.Build.0 = Debug|Win32
		{D88D74E3-FC1C-4D98-98A9-571A3D00F298}.Release|Mixed Platforms.ActiveCfg = Release|Win32
		{D88D74E3-FC1C-4D98-98A9-571A3D00F298}.Release|Mixed Platforms.Build.0 = Release|Win32
		{D88D74E3-FC1C-4D98-98A9-571A3D00F298}.Release|Win32.ActiveCfg = Release|Win32
		{D88D74E3-FC1C-4D98-98A9-571A3D00F298}.Release|Win32.Build.0 = Release|Win32
		{D88D74E3-FC1C-4D98-98A9-571A3D00F298}.Release|x64.ActiveCfg = Release|x64
		{D88D74E3-FC1C-4D98-98A9-571A3D00F298}.Release|x64.Build.0 = Release|x64
		{D88D74E3-FC1C-4D98-98A9-571A3D00F298}.Release|x86.ActiveCfg = Release|Win32
		{D88D74E3-FC1C-4D98-98A9-571A3D00F298}.Release|x86.Build.0 = Release|Win32
		{4AFAE956-3579-442F-A7AA-514A6C13E45D}.Debug|Mixed Platforms.ActiveCfg = Debug|Win32
		{4AFAE956-3579-442F-A7AA-514A6C13E45D}.Debug|Mixed Platforms.Build.0 = Debug|Win32
		{4AFAE956-3579-442F-A7AA-514A6C13E45D}.Debug|Win32.ActiveCfg = Debug|Win32
		{4AFAE956-3579-442F-A7AA-514A6C13E45D}.Debug|Win32.Build.0 = Debug|Win32
		{4AFAE956-3579-442F-A7AA-514A6C13E45D}.Debug|x64.ActiveCfg = Debug|x64
		{4AFAE956-3579-442F-A7AA-514A6C13E45D}.Debug|x86.ActiveCfg = Debug|Win32
		{4AFAE956-3579-442F-A7AA-514A6C13E45D}.Debug|x86.Build.0 = Debug|Win32
		{4AFAE956-3579-442F-A7AA-514A6C13E45D}.Release|Mixed Platforms.ActiveCfg = Release|Win32
		{4AFAE956-3579-442F-A7AA-514A6C13E45D}.Release|Mixed Platforms.Build.0 = Release|Win32
		{4AFAE956-3579-442F-A7AA-514A6C13E45D}.Release|Win32.ActiveCfg = Release|Win32
		{4AFAE956-3579-442F-A7AA-514A6C13E45D}.Release|Win32.Build.0 = Release|Win32
		{4AFAE956-3579-442F-A7AA-514A6C13E45D}.Release|x64.ActiveCfg = Release|x64
		{4AFAE956-3579-442F-A7AA-514A6C13E45D}.Release|x86.ActiveCfg = Release|Win32
		{4AFAE956-3579-442F-A7AA-514A6C13E45D}.Release|x86.Build.0 = Release|Win32
		{EEE63D24-3D55-47D9-97C2-4C5ED67F7719}.Debug|Mixed Platforms.ActiveCfg = Debug|Win32
		{EEE63D24-3D55-47D9-97C2-4C5ED67F7719}.Debug|Win32.ActiveCfg = Debug|Win32
		{EEE63D24-3D55-47D9-97C2-4C5ED67F7719}.Debug|x64.ActiveCfg = Debug|x64
		{EEE63D24-3D55-47D9-97C2-4C5ED67F7719}.Debug|x86.ActiveCfg = Debug|Win32
		{EEE63D24-3D55-47D9-97C2-4C5ED67F7719}.Release|Mixed Platforms.ActiveCfg = Release|Win32
		{EEE63D24-3D55-47D9-97C2-4C5ED67F7719}.Release|Win32.ActiveCfg = Release|Win32
		{EEE63D24-3D55-47D9-97C2-4C5ED67F7719}.Release|x64.ActiveCfg = Release|x64
		{EEE63D24-3D55-47D9-97C2-4C5ED67F7719}.Release|x86.ActiveCfg = Release|Win32
	EndGlobalSection
	GlobalSection(SolutionProperties) = preSolution
		HideSolutionNode = FALSE
	EndGlobalSection
EndGlobal
