<?xml version="1.0" encoding="utf-8"?>
<Project ToolsVersion="4.0" xmlns="http://schemas.microsoft.com/developer/msbuild/2003">
  <ItemGroup>
    <Filter Include="源文件">
      <UniqueIdentifier>{266ff625-d10e-4179-97c1-c9438bcdb267}</UniqueIdentifier>
    </Filter>
    <Filter Include="生成的文件">
      <UniqueIdentifier>{e2077e9b-0868-4062-bac5-8249a4c422d5}</UniqueIdentifier>
      <SourceControlFiles>False</SourceControlFiles>
    </Filter>
  </ItemGroup>
  <ItemGroup>
    <None Include="CenterSvrps.def" />
  </ItemGroup>
  <ItemGroup>
    <ClCompile Include="CenterSvr_i.c">
      <Filter>生成的文件</Filter>
    </ClCompile>
    <ClCompile Include="CenterSvr_p.c">
      <Filter>生成的文件</Filter>
    </ClCompile>
    <ClCompile Include="dlldata.c">
      <Filter>生成的文件</Filter>
    </ClCompile>
  </ItemGroup>
</Project>